
Microsoft Visual Studio Solution File, Format Version 12.00
# Visual Studio Version 17
VisualStudioVersion = 17.1.32228.430
MinimumVisualStudioVersion = 10.0.40219.1
Project("{9A19103F-16F7-4668-BE54-9A1E7A4F7556}") = "CommandService", "CommandService\CommandService.csproj", "{398F8D47-DC80-4A78-A39B-8F3AA4301B9E}"
EndProject
Global
	GlobalSection(SolutionConfigurationPlatforms) = preSolution
		Debug|Any CPU = Debug|Any CPU
		Release|Any CPU = Release|Any CPU
	EndGlobalSection
	GlobalSection(ProjectConfigurationPlatforms) = postSolution
		{398F8D47-DC80-4A78-A39B-8F3AA4301B9E}.Debug|Any CPU.ActiveCfg = Debug|Any CPU
		{398F8D47-DC80-4A78-A39B-8F3AA4301B9E}.Debug|Any CPU.Build.0 = Debug|Any CPU
		{398F8D47-DC80-4A78-A39B-8F3AA4301B9E}.Release|Any CPU.ActiveCfg = Release|Any CPU
		{398F8D47-DC80-4A78-A39B-8F3AA4301B9E}.Release|Any CPU.Build.0 = Release|Any CPU
	EndGlobalSection
	GlobalSection(SolutionProperties) = preSolution
		HideSolutionNode = FALSE
	EndGlobalSection
	GlobalSection(ExtensibilityGlobals) = postSolution
		SolutionGuid = {7306222B-83EE-4CAC-BA69-8019C17C8A82}
	EndGlobalSection
EndGlobal
